version = 1
revision = 3
requires-python = ">=3.11"

[[package]]
name = "colorama"
version = "0.4.6"
source = { registry = "https://pypi.org/simple" }
sdist = { url = "https://files.pythonhosted.org/packages/d8/53/6f443c9a4a8358a93a6792e2acffb9d9d5cb0a5cfd8802644b7b1c9a02e4/colorama-0.4.6.tar.gz", hash = "sha256:08695f5cb7ed6e0531a20572697297273c47b8cae5a63ffc6d6ed5c201be6e44", size = 27697, upload-time = "2022-10-25T02:36:22.414Z" }
wheels = [
    { url = "https://files.pythonhosted.org/packages/d1/d6/3965ed04c63042e047cb6a3e6ed1a63a35087b6a609aa3a15ed8ac56c221/colorama-0.4.6-py2.py3-none-any.whl", hash = "sha256:4f1d9991f5acc0ca119f9d443620b77f9d6b33703e51011c16baf57afb285fc6", size = 25335, upload-time = "2022-10-25T02:36:20.889Z" },
]

[[package]]
name = "community-test-kit"
version = "0.1.0"
source = { editable = "." }
dependencies = [
    { name = "hypothesis" },
    { name = "pytest" },
]

[package.metadata]
requires-dist = [
    { name = "hypothesis", specifier = ">=6" },
    { name = "pytest", specifier = ">=8" },
]

[[package]]
name = "hypothesis"
version = "6.165.2"
source = { registry = "https://pypi.org/simple" }
dependencies = [
    { name = "sortedcontainers" },
]
sdist = { url = "https://files.pythonhosted.org/packages/ea/73/fc3743243603dc49911a1ec073a3a524ea8e1c7d48218d3c2a3faa9a8709/hypothesis-6.165.2.tar.gz", hash = "sha256:680a1adf523ac792b46064f425b112ce6c08a7a8f50e65d08e029de6aa11df95", size = 502277, upload-time = "2026-08-05T21:32:43.713Z" }
wheels = [
    { url = "https://files.pythonhosted.org/packages/5c/63/46c9908fe7bd5ffa5002fa88fe289dfe6d3cea3fad1ab8942fe11f1c8a2b/hypothesis-6.165.2-cp310-abi3-macosx_10_12_x86_64.whl", hash = "sha256:33a7303566e660664f3f02ea1df85f7b966cd6723165c696996cfd8630913b3a", size = 781704, upload-time = "2026-08-05T21:32:03.548Z" },
    { url = "https://files.pythonhosted.org/packages/c5/7f/fdce62542a514f6b33c4fc0a760e6d17bb57602b28cb079b78e55b8ea32d/hypothesis-6.165.2-cp310-abi3-macosx_11_0_arm64.whl", hash = "sha256:06d8fe4c82a935f67e610c99848360f5caeb04f547c7d7a830a5c74fb96f053a", size = 777243, upload-time = "2026-08-05T21:32:17.546Z" },
    { url = "https://files.pythonhosted.org/packages/9e/c8/39cd922bf3e1ec84977b768d4e8be31ae051e3a6b400b4fdd7ebcddb1eed/hypothesis-6.165.2-cp310-abi3-manylinux_2_17_aarch64.manylinux2014_aarch64.whl", hash = "sha256:de2e3f6a6f75c876be481138c6c0802ebe10deef9f13ce1cdd6e0ed21d8e1e28", size = 1106492, upload-time = "2026-08-05T21:31:47.844Z" },
    { url = "https://files.pythonhosted.org/packages/0f/91/7bb502379a8dcc43f2538530c05cf16fd4e386afa587d65cc289484425cf/hypothesis-6.165.2-cp310-abi3-manylinux_2_17_armv7l.manylinux2014_armv7l.whl", hash = "sha256:21668cb5a8a694d45ff4c43f20a8fc577a47467b5102c680a43638b027136368", size = 1135105, upload-time = "2026-08-05T21:31:49.453Z" },
    { url = "https://files.pythonhosted.org/packages/e5/04/4ce8ae1bf78d09d7543ab7037a3beedc7f3d963c7aa04e82842415284689/hypothesis-6.165.2-cp310-abi3-manylinux_2_17_x86_64.manylinux2014_x86_64.whl", hash = "sha256:eea4ab5cfdd6c6a23a60777559ea06c34868234fff6542ff6125c0250429348e", size = 1156034, upload-time = "2026-08-05T21:31:44.687Z" },
    { url = "https://files.pythonhosted.org/packages/49/de/b074d899f4a04fa8b99a5bbd66f209c1c02bc21f9f87404539b28b99aff0/hypothesis-6.165.2-cp310-abi3-manylinux_2_31_riscv64.whl", hash = "sha256:0a6add02d9b3b73b59f4d69f5b15abbc07113cd335cc140815cec2877e6b496c", size = 1111344, upload-time = "2026-08-05T21:32:27.211Z" },
    { url = "https://files.pythonhosted.org/packages/e8/38/5a8514683a181f82a8ad9f6d084b704fea7a97c9814033939fc493b55fca/hypothesis-6.165.2-cp310-abi3-manylinux_2_5_i686.manylinux1_i686.whl", hash = "sha256:11013896b6a2ed497079558cb9f89e8b3b564f8859782b38f72cfc1dbeca66ad", size = 1148115, upload-time = "2026-08-05T21:31:01.009Z" },
    { url = "https://files.pythonhosted.org/packages/88/c7/08cf7930d8bec7f1df971c948af2ccb5a402d5b8b19b306af655a603b180/hypothesis-6.165.2-cp310-abi3-musllinux_1_2_aarch64.whl", hash = "sha256:4ceabc69a95e761f381663c6452537fde12a2a6e0275e095b6822c0e0f3b1364", size = 1280321, upload-time = "2026-08-05T21:31:14.843Z" },
    { url = "https://files.pythonhosted.org/packages/c5/91/c9ebb7da3b6e06c47aecceb959cf7df6af75025663af543373c5692f97ac/hypothesis-6.165.2-cp310-abi3-musllinux_1_2_armv7l.whl", hash = "sha256:11e1ce261765ffa6acbaf540358426519ca4a5e46b825cf39b429c77c1895689", size = 1408134, upload-time = "2026-08-05T21:31:27.383Z" },
    { url = "https://files.pythonhosted.org/packages/ed/24/13c2fd9f253ba3a92d4aaa61ae45a8b130df57ab5bd6fc481e2aae520e36/hypothesis-6.165.2-cp310-abi3-musllinux_1_2_riscv64.whl", hash = "sha256:b0250099b2e55d72872319918aacc501110a182938a3d56bcae4a999bee5db08", size = 1280884, upload-time = "2026-08-05T21:32:00.188Z" },
    { url = "https://files.pythonhosted.org/packages/6e/fa/2820bdbe0660394544b9e120b03ea7020702d7fa5c76236166de6ababc9d/hypothesis-6.165.2-cp310-abi3-musllinux_1_2_x86_64.whl", hash = "sha256:96d02928d1a0b7d59e39fd8ada75f0b7d0377ff29f91c94109f92fc2dab9af74", size = 1322998, upload-time = "2026-08-05T21:31:24.373Z" },
    { url = "https://files.pythonhosted.org/packages/f0/24/38752794eb821f5c77da08523602003c344f3498fce09f20741cd5b5e29c/hypothesis-6.165.2-cp310-abi3-win32.whl", hash = "sha256:0f2044093c8244d73893e755a7fa53154b7eca57b37e1427d9b0d9948f6c2b3e", size = 667506, upload-time = "2026-08-05T21:32:10.547Z" },
    { url = "https://files.pythonhosted.org/packages/5f/71/b28f714a127017750e450d152aa4fbff51bd144c6840090d28b529b408d3/hypothesis-6.165.2-cp310-abi3-win_amd64.whl", hash = "sha256:2aa30716066e5ee7750e56b8f90cefaf4ed28c12b4b1d66cef40014fd3f95196", size = 673650, upload-time = "2026-08-05T21:31:25.726Z" },
    { url = "https://files.pythonhosted.org/packages/67/43/ba4e9140480326c517e46f6d16fb2efd423a579f4f50ff79d0326226c563/hypothesis-6.165.2-cp311-cp311-macosx_10_12_x86_64.whl", hash = "sha256:a49889d19484ccfe1977f448a9c0ad27078232a707fa9f9c8667e9d7ffbe792d", size = 782176, upload-time = "2026-08-05T21:32:08.821Z" },
    { url = "https://files.pythonhosted.org/packages/bf/10/f0ed8d6906a959f015bb6140413e5be7965ff50f965478316cc3a7469254/hypothesis-6.165.2-cp311-cp311-macosx_11_0_arm64.whl", hash = "sha256:67560ca111bcad4e07dc8390a499d9b5c6b5488bab0b3c801a4c31a02238e199", size = 777969, upload-time = "2026-08-05T21:32:31.397Z" },
    { url = "https://files.pythonhosted.org/packages/8a/1e/137cc1cc254c4b00eb41ddebccf0a33cc2ad99f6bb531e68525c2561c475/hypothesis-6.165.2-cp311-cp311-manylinux_2_17_aarch64.manylinux2014_aarch64.whl", hash = "sha256:54e5afbdf7c973ced6984265a7ffbcdd3b072349c6e9f9d92af889a5af8d2a08", size = 1106856, upload-time = "2026-08-05T21:30:59.63Z" },
    { url = "https://files.pythonhosted.org/packages/f2/16/52e37b42dfa7579176aa9c8ada2f94eadcd27659b71c85fb477df0d57ad8/hypothesis-6.165.2-cp311-cp311-manylinux_2_17_x86_64.manylinux2014_x86_64.whl", hash = "sha256:f3aed6b889f493d75b7f734e931d10dc003d7277af63956f8d2f131326aaf297", size = 1156324, upload-time = "2026-08-05T21:31:51.917Z" },
    { url = "https://files.pythonhosted.org/packages/6c/31/467ccd787de1cd77c9a23b963580bbe0ec00e8163ee0df224b3bfcbc2c94/hypothesis-6.165.2-cp311-cp311-musllinux_1_2_aarch64.whl", hash = "sha256:929e47581a4a20b81a67deecd48f6589151fada7c23a418d8505c4595de14577", size = 1280680, upload-time = "2026-08-05T21:31:32.452Z" },
    { url = "https://files.pythonhosted.org/packages/39/9b/6edfb53334df96a0889978374a115fbc1569ffdef7786fe256ed71aa72a1/hypothesis-6.165.2-cp311-cp311-musllinux_1_2_x86_64.whl", hash = "sha256:020a889e548e81514132fe215cca664ee3961a8d1343262c2aa6ea7e5f31370a", size = 1323331, upload-time = "2026-08-05T21:31:13.393Z" },
    { url = "https://files.pythonhosted.org/packages/67/83/92a460ee8811360b5f95cc547d6f43e632457be0bd1a28e497c84e46fa7a/hypothesis-6.165.2-cp311-cp311-win_amd64.whl", hash = "sha256:1bd8955bd5dd72bb9bd6f7243cef8a2bf8a264e23edbd29eecebe41de9348eb9", size = 673376, upload-time = "2026-08-05T21:31:22.637Z" },
    { url = "https://files.pythonhosted.org/packages/98/81/a9039e7eee38523e2ad13e9e4e70c508f25d4205fb4c6ceb98632547ca82/hypothesis-6.165.2-cp312-cp312-macosx_10_12_x86_64.whl", hash = "sha256:b24f1b238deb97fda828a939931de3210f5cef21e87fe0b941fafbeb55ead676", size = 783294, upload-time = "2026-08-05T21:31:56.881Z" },
    { url = "https://files.pythonhosted.org/packages/8d/e5/120642320291d8d117a83491d93527149ddbd15e56399274741fc4bd3a9a/hypothesis-6.165.2-cp312-cp312-macosx_11_0_arm64.whl", hash = "sha256:306763ce7186e08ee30dba409b320873d1afc54adf76b44c6bf83b5867d17359", size = 774867, upload-time = "2026-08-05T21:32:05.489Z" },
    { url = "https://files.pythonhosted.org/packages/b5/ef/251607eb2446fb44e8faa83e30aa1b6cc281b6eca5d0ecaabe7527e3395d/hypothesis-6.165.2-cp312-cp312-manylinux_2_17_aarch64.manylinux2014_aarch64.whl", hash = "sha256:9f878ebc5c33e4e8e8a90bd3d7ccc3f3a7370847aa22243536e673047f0f4c37", size = 1105307, upload-time = "2026-08-05T21:31:53.719Z" },
    { url = "https://files.pythonhosted.org/packages/54/f1/de30869d83f00137a664319a4acb0ba8b1a9e2c879afdc12abb1b4c703f7/hypothesis-6.165.2-cp312-cp312-manylinux_2_17_x86_64.manylinux2014_x86_64.whl", hash = "sha256:d726513b32cc6407667ac0812fa3517408f933b89b16b6b84f296335eec18432", size = 1155348, upload-time = "2026-08-05T21:31:58.536Z" },
    { url = "https://files.pythonhosted.org/packages/fa/2c/8925c2bddf6e105d947a04511cd5d536eabc8d4ed926518a0d1672ede007/hypothesis-6.165.2-cp312-cp312-musllinux_1_2_aarch64.whl", hash = "sha256:a700c0e193707e3b6f1b23f1d5f534896dd9f79bb2a2340582579bad5f5b59a4", size = 1278124, upload-time = "2026-08-05T21:32:14.049Z" },
    { url = "https://files.pythonhosted.org/packages/b9/00/e285e7987e96d74e229fcb94c58dd8e85290966fc2040fbac4b081fc49c9/hypothesis-6.165.2-cp312-cp312-musllinux_1_2_x86_64.whl", hash = "sha256:50d50e313dfff2e79c754b92a4c88c479dd9e102a56c60caa5b3d6263caa1b02", size = 1322340, upload-time = "2026-08-05T21:31:11.671Z" },
    { url = "https://files.pythonhosted.org/packages/51/7a/990e802222b3a88a284a872fc41339e39d8b619e5266aae45ef1c5da231a/hypothesis-6.165.2-cp312-cp312-win_amd64.whl", hash = "sha256:e2493b71a6e75dbd9ab33f8ab3920a6850a7965de55baf9725738a227ef3bfd2", size = 670805, upload-time = "2026-08-05T21:32:19.278Z" },
    { url = "https://files.pythonhosted.org/packages/22/01/add18f19d5e5f084a59709f0dcebf3cb1edeca475ce8a31573dc33891e66/hypothesis-6.165.2-cp313-cp313-macosx_10_12_x86_64.whl", hash = "sha256:e2bf15d05264ec9da8d55c3843902f906ced5e84fb3da924eafe165697ab4638", size = 783183, upload-time = "2026-08-05T21:31:55.305Z" },
    { url = "https://files.pythonhosted.org/packages/8e/4b/df2e4c24d208518a6a3dab7acabad7f5ec6c5bb0f4d0bf1701d2fb7206ce/hypothesis-6.165.2-cp313-cp313-macosx_11_0_arm64.whl", hash = "sha256:3748153d4f64d347f8c988dd41fbef3513b66819e73e9209b1c501bf0d716a13", size = 774829, upload-time = "2026-08-05T21:32:01.891Z" },
    { url = "https://files.pythonhosted.org/packages/72/a0/b75a001efbde704ff2188924a4d4bb3cdf7a22924dc51c155115af64858c/hypothesis-6.165.2-cp313-cp313-manylinux_2_17_aarch64.manylinux2014_aarch64.whl", hash = "sha256:f689976e0eb578afbe8ce37669cb637f00f7c545ad303412947ee4abe2f29ce6", size = 1105224, upload-time = "2026-08-05T21:32:35.189Z" },
    { url = "https://files.pythonhosted.org/packages/71/f2/4942f510c6441b5d60dc7f0d8d2af74fe444b62d3af565bdf42d9b6b803d/hypothesis-6.165.2-cp313-cp313-manylinux_2_17_x86_64.manylinux2014_x86_64.whl", hash = "sha256:f7c68a5684b2e2ad3c33500198a6073b3d04493fd7b1ef34937645ad092b797d", size = 1155166, upload-time = "2026-08-05T21:31:46.408Z" },
    { url = "https://files.pythonhosted.org/packages/48/11/405ebff50c6949518d34f487017412d5b8f8ee9239e50ecdfdd99a745f4b/hypothesis-6.165.2-cp313-cp313-musllinux_1_2_aarch64.whl", hash = "sha256:b40db922ccb53fb77c68d944748a3eb5b945402967b64093d9ba970d028cf1af", size = 1278170, upload-time = "2026-08-05T21:31:43.116Z" },
    { url = "https://files.pythonhosted.org/packages/73/ff/93ad0f4b55100876604d2c316a8c6e0ee037cb0da925caaa478709e504b0/hypothesis-6.165.2-cp313-cp313-musllinux_1_2_x86_64.whl", hash = "sha256:d2fd48ec969b2dbe1c8e25dc86d199c6820b9222846469449b997f5546383378", size = 1322061, upload-time = "2026-08-05T21:32:07.217Z" },
    { url = "https://files.pythonhosted.org/packages/14/37/14b655c664a957e44c7f59d9498e53d79b55f1b752a1bb38fee9da403e9c/hypothesis-6.165.2-cp313-cp313-win_amd64.whl", hash = "sha256:9cf13225121280036ea5a8ff8babb82ec27a4736aea669bbe0bc9839d254575f", size = 670824, upload-time = "2026-08-05T21:32:21.25Z" },
    { url = "https://files.pythonhosted.org/packages/6f/ce/a2de75f1a12b6670edfca890794daab685a63ab1a2e36f28dc2c4d8e831d/hypothesis-6.165.2-cp314-cp314-macosx_10_12_x86_64.whl", hash = "sha256:66be9b848bdcb29132b18de6f574b89b392024c7de442acb393edaa1540cb548", size = 783398, upload-time = "2026-08-05T21:31:37.916Z" },
    { url = "https://files.pythonhosted.org/packages/02/8b/bf01b5f356f64a8af28be2718674e23ff7c0a4dbc5f476295be624b1a5ad/hypothesis-6.165.2-cp314-cp314-macosx_11_0_arm64.whl", hash = "sha256:e51742efe8466cf89e26cb94843db8854bd0673a6d80da7e3d1ff6bd9dc006db", size = 774963, upload-time = "2026-08-05T21:31:10.053Z" },
    { url = "https://files.pythonhosted.org/packages/a8/4b/9ad06c5a5613b6d175a7fd1a518a9732bcc4772c0cb24f6d7e5fd63f7fed/hypothesis-6.165.2-cp314-cp314-manylinux_2_17_aarch64.manylinux2014_aarch64.whl", hash = "sha256:c648ee54cd734261e1615d80c2ebbd679d6dfbba6ef5aa672354c6ca62b6f446", size = 1105721, upload-time = "2026-08-05T21:32:29.252Z" },
    { url = "https://files.pythonhosted.org/packages/9c/f1/04c8ebe621c8b832106859f9425f91d049a96ccf99c3501f2905f3e1291a/hypothesis-6.165.2-cp314-cp314-manylinux_2_17_x86_64.manylinux2014_x86_64.whl", hash = "sha256:032292cbffc0743b2fe4337a30c21ea9703a70a0021d39bf0c3e68bce7baab18", size = 1155349, upload-time = "2026-08-05T21:31:39.636Z" },
    { url = "https://files.pythonhosted.org/packages/6e/23/41fe5e805638dcb6a1b70c147e909d254d9f09db5ade7a3e790c94ec926e/hypothesis-6.165.2-cp314-cp314-musllinux_1_2_aarch64.whl", hash = "sha256:5dc64171b06472f0b6c2e54bdc25687987e560e15133cf52f55d9ef4c747ebe1", size = 1278502, upload-time = "2026-08-05T21:32:23.405Z" },
    { url = "https://files.pythonhosted.org/packages/ce/42/54fdfc954314980d2b0eabbe57ef2960d85f3b1acb95f3326ff931ed349f/hypothesis-6.165.2-cp314-cp314-musllinux_1_2_x86_64.whl", hash = "sha256:8e5a823ba918641af8177c121f122964d471db2ab1d07c1fe229c77b3a5ab7e8", size = 1322379, upload-time = "2026-08-05T21:31:05.39Z" },
    { url = "https://files.pythonhosted.org/packages/68/db/3667633b31b2b423b320fec4b7ac154e74d6b4a122fadd8e06f9d9afbef1/hypothesis-6.165.2-cp314-cp314-pyemscripten_2026_0_wasm32.whl", hash = "sha256:70966ab7dbe0ea9644eaed8324e037f05ac6a8141646b977da9e77813dac6ed7", size = 614909, upload-time = "2026-08-05T21:31:41.464Z" },
    { url = "https://files.pythonhosted.org/packages/2c/d9/0168c0d6ea32c195225b0673ee8cb7b61de6841d62c87d614d26add35770/hypothesis-6.165.2-cp314-cp314-win_amd64.whl", hash = "sha256:a5b913acd896f4f80597dd38966cd13984a1cfd45512498e8cf054aa7c92ffb9", size = 670684, upload-time = "2026-08-05T21:32:37.076Z" },
    { url = "https://files.pythonhosted.org/packages/21/e4/61cea938488b6958f07b8249bf37fcfb2802367e2a6af65afe82b05ca18c/hypothesis-6.165.2-cp314-cp314t-macosx_10_12_x86_64.whl", hash = "sha256:6fa46589088966083ce653f908560cdd3330274cfafaaa65d1fb29b5f6681644", size = 781982, upload-time = "2026-08-05T21:32:15.899Z" },
    { url = "https://files.pythonhosted.org/packages/15/73/b4f9ba3e4b988b567d887b0857962e841b227a81a02ea83ae520e2001c31/hypothesis-6.165.2-cp314-cp314t-macosx_11_0_arm64.whl", hash = "sha256:6b5b922603879b4788447583928eb1cf2e1aafb9ce27f3a7234b7a4557d089a8", size = 773430, upload-time = "2026-08-05T21:31:28.913Z" },
    { url = "https://files.pythonhosted.org/packages/9c/e2/6fb4a2edbc7775dfa4d3950e3537239c6d957eeb6c571275edfd79a2b981/hypothesis-6.165.2-cp314-cp314t-manylinux_2_17_aarch64.manylinux2014_aarch64.whl", hash = "sha256:8ab3a6b5bb3302f7dcd65b07dcdc0ca353c8c151567dffeda826977e765caaf9", size = 1104317, upload-time = "2026-08-05T21:30:57.765Z" },
    { url = "https://files.pythonhosted.org/packages/5d/06/9479b2acc58996ae18300becbaf910d7c542b5054a47ba05c28bdacd08f1/hypothesis-6.165.2-cp314-cp314t-manylinux_2_17_x86_64.manylinux2014_x86_64.whl", hash = "sha256:09f1c626023b68968d2cc5fe1e31548109f4406d81a2c3017b3de9fdd3a02e7d", size = 1154232, upload-time = "2026-08-05T21:31:30.368Z" },
    { url = "https://files.pythonhosted.org/packages/e3/9b/5b5cfce5445a807d042ca5a1a470606613835842d99488a199d994584cae/hypothesis-6.165.2-cp314-cp314t-musllinux_1_2_aarch64.whl", hash = "sha256:5c95808ab851498513192268e25f40bccd1c3719384c91535bbec3eedea39760", size = 1276739, upload-time = "2026-08-05T21:32:12.324Z" },
    { url = "https://files.pythonhosted.org/packages/2e/aa/6a731776ccaee13dba0624a73f01935fa174f39647ad463a495dcb2206a8/hypothesis-6.165.2-cp314-cp314t-musllinux_1_2_x86_64.whl", hash = "sha256:4a1c8bec789f21dc10620ce99e15fcd4f7737b9b4cfa571cdd93e01a17b7b06b", size = 1321119, upload-time = "2026-08-05T21:31:21.113Z" },
    { url = "https://files.pythonhosted.org/packages/43/a1/5d2c7c1346a0089908a3974c9e40ce223c22dd291dfe5df69a8c8cc64b98/hypothesis-6.165.2-cp314-cp314t-win_amd64.whl", hash = "sha256:458c891dfc00133bc4ce2e6c9716838f80f2fd96caf306f5eef42ad02aa4d972", size = 670831, upload-time = "2026-08-05T21:31:17.998Z" },
    { url = "https://files.pythonhosted.org/packages/35/51/745695dde335122e447dd8f762ee1c2f44d5f73dd3268a6df7f5d4339c1d/hypothesis-6.165.2-pp311-pypy311_pp73-macosx_10_12_x86_64.whl", hash = "sha256:210955bdb78ce0e3279fd7ed47fa77fdd9f6004368a099c933c456f4c6ea358f", size = 783104, upload-time = "2026-08-05T21:31:02.564Z" },
    { url = "https://files.pythonhosted.org/packages/a4/8a/26f37eb2265ec3d6d59fcac7d93d554231ad2db7cef4e9e78113fa39ac36/hypothesis-6.165.2-pp311-pypy311_pp73-macosx_11_0_arm64.whl", hash = "sha256:024ddf78d150825210b4e41169ad1f3d40f8819bee0304890b851904d9f97541", size = 778956, upload-time = "2026-08-05T21:31:08.731Z" },
    { url = "https://files.pythonhosted.org/packages/0c/ef/72d586c2c5094410569a4e62792f0069dc0b6113979dd7754e80d03a800b/hypothesis-6.165.2-pp311-pypy311_pp73-manylinux_2_17_aarch64.manylinux2014_aarch64.whl", hash = "sha256:49e9aa39b21589e64b25ed8a452014fb546f2533cd5dbc0be16c35f94a4a9f6c", size = 1107828, upload-time = "2026-08-05T21:31:19.457Z" },
    { url = "https://files.pythonhosted.org/packages/38/1b/292fd8f7552d624ed29abab7f17935009cae3de14e50991951a73cff2a25/hypothesis-6.165.2-pp311-pypy311_pp73-manylinux_2_17_x86_64.manylinux2014_x86_64.whl", hash = "sha256:568038c8c9de3b22087fe1536d8d512e23c5a5eca3aa4c692e8fa46592afa267", size = 1157603, upload-time = "2026-08-05T21:32:39.041Z" },
    { url = "https://files.pythonhosted.org/packages/47/10/005eff3fba214bac14df88fdb78502d4990a135b128837dc826b215aa746/hypothesis-6.165.2-pp311-pypy311_pp73-win_amd64.whl", hash = "sha256:5a9c92f193b14bb0e69038cb4b31f3c0c7497cd3f2f43be5bb8a8fb6a036362d", size = 674478, upload-time = "2026-08-05T21:32:41.203Z" },
]

[[package]]
name = "iniconfig"
version = "2.3.0"
source = { registry = "https://pypi.org/simple" }
sdist = { url = "https://files.pythonhosted.org/packages/72/34/14ca021ce8e5dfedc35312d08ba8bf51fdd999c576889fc2c24cb97f4f10/iniconfig-2.3.0.tar.gz", hash = "sha256:c76315c77db068650d49c5b56314774a7804df16fee4402c1f19d6d15d8c4730", size = 20503, upload-time = "2025-10-18T21:55:43.219Z" }
wheels = [
    { url = "https://files.pythonhosted.org/packages/cb/b1/3846dd7f199d53cb17f49cba7e651e9ce294d8497c8c150530ed11865bb8/iniconfig-2.3.0-py3-none-any.whl", hash = "sha256:f631c04d2c48c52b84d0d0549c99ff3859c98df65b3101406327ecc7d53fbf12", size = 7484, upload-time = "2025-10-18T21:55:41.639Z" },
]

[[package]]
name = "packaging"
version = "26.3"
source = { registry = "https://pypi.org/simple" }
sdist = { url = "https://files.pythonhosted.org/packages/7d/fa/3944b40b07da9ce895c0e6303a5ab7d53da063554f534556b134a54d6093/packaging-26.3.tar.gz", hash = "sha256:94edc256424af38762eb31306eed28beb9f0efc50a8837492c9d6fd6004aed79", size = 313412, upload-time = "2026-08-04T18:15:28.737Z" }
wheels = [
    { url = "https://files.pythonhosted.org/packages/63/34/ba1c580383c9eada3711951fef0795c80b829a078d72188184bcab9dd527/packaging-26.3-py3-none-any.whl", hash = "sha256:d7193f7c8e4e93f444fde0262bf90af30e16fa0ad0ad44cb553c87339b23cd1c", size = 129956, upload-time = "2026-08-04T18:15:27.159Z" },
]

[[package]]
name = "pluggy"
version = "1.6.0"
source = { registry = "https://pypi.org/simple" }
sdist = { url = "https://files.pythonhosted.org/packages/f9/e2/3e91f31a7d2b083fe6ef3fa267035b518369d9511ffab804f839851d2779/pluggy-1.6.0.tar.gz", hash = "sha256:7dcc130b76258d33b90f61b658791dede3486c3e6bfb003ee5c9bfb396dd22f3", size = 69412, upload-time = "2025-05-15T12:30:07.975Z" }
wheels = [
    { url = "https://files.pythonhosted.org/packages/54/20/4d324d65cc6d9205fabedc306948156824eb9f0ee1633355a8f7ec5c66bf/pluggy-1.6.0-py3-none-any.whl", hash = "sha256:e920276dd6813095e9377c0bc5566d94c932c33b27a3e3945d8389c374dd4746", size = 20538, upload-time = "2025-05-15T12:30:06.134Z" },
]

[[package]]
name = "pygments"
version = "2.20.0"
source = { registry = "https://pypi.org/simple" }
sdist = { url = "https://files.pythonhosted.org/packages/c3/b2/bc9c9196916376152d655522fdcebac55e66de6603a76a02bca1b6414f6c/pygments-2.20.0.tar.gz", hash = "sha256:6757cd03768053ff99f3039c1a36d6c0aa0b263438fcab17520b30a303a82b5f", size = 4955991, upload-time = "2026-03-29T13:29:33.898Z" }
wheels = [
    { url = "https://files.pythonhosted.org/packages/f4/7e/a72dd26f3b0f4f2bf1dd8923c85f7ceb43172af56d63c7383eb62b332364/pygments-2.20.0-py3-none-any.whl", hash = "sha256:81a9e26dd42fd28a23a2d169d86d7ac03b46e2f8b59ed4698fb4785f946d0176", size = 1231151, upload-time = "2026-03-29T13:29:30.038Z" },
]

[[package]]
name = "pytest"
version = "9.1.1"
source = { registry = "https://pypi.org/simple" }
dependencies = [
    { name = "colorama", marker = "sys_platform == 'win32'" },
    { name = "iniconfig" },
    { name = "packaging" },
    { name = "pluggy" },
    { name = "pygments" },
]
sdist = { url = "https://files.pythonhosted.org/packages/e4/47/b9efed96c114afcfa3c9d3fe98a76a1d14c74a9e266d397cf6eb64be5e01/pytest-9.1.1.tar.gz", hash = "sha256:1088fbde8f2b49d95a549a195707afa7a76a3ce9bcadc26b6d71f0ffda5fe313", size = 1636369, upload-time = "2026-06-19T10:58:32.857Z" }
wheels = [
    { url = "https://files.pythonhosted.org/packages/24/25/1de2678b631f5a49215c6c96fff41ba892b0a34df68d6d80292b1b48aa7f/pytest-9.1.1-py3-none-any.whl", hash = "sha256:37a86b45efb9a47a61a36449063e8e18d0cab3161329fc099eb21783169c4f0c", size = 386536, upload-time = "2026-06-19T10:58:31.347Z" },
]

[[package]]
name = "sortedcontainers"
version = "2.4.0"
source = { registry = "https://pypi.org/simple" }
sdist = { url = "https://files.pythonhosted.org/packages/e8/c4/ba2f8066cceb6f23394729afe52f3bf7adec04bf9ed2c820b39e19299111/sortedcontainers-2.4.0.tar.gz", hash = "sha256:25caa5a06cc30b6b83d11423433f65d1f9d76c4c6a0c90e3379eaa43b9bfdb88", size = 30594, upload-time = "2021-05-16T22:03:42.897Z" }
wheels = [
    { url = "https://files.pythonhosted.org/packages/32/46/9cb0e58b2deb7f82b84065f37f3bffeb12413f947f9388e4cac22c4621ce/sortedcontainers-2.4.0-py2.py3-none-any.whl", hash = "sha256:a163dcaede0f1c021485e957a39245190e74249897e2ae4b2aa38595db237ee0", size = 29575, upload-time = "2021-05-16T22:03:41.177Z" },
]
